
Microsoft Visual Studio Solution File, Format Version 12.00
# Visual Studio Version 17
VisualStudioVersion = 17.10.35013.160
MinimumVisualStudioVersion = 10.0.40219.1
Project("{FAE04EC0-301F-11D3-BF4B-00C04F79EFBC}") = "PullingMetrics", "SampleMetrics\PullingMetrics.csproj", "{A895C7AC-917C-4CFC-880A-5207421A9FC4}"
EndProject
Project("{FAE04EC0-301F-11D3-BF4B-00C04F79EFBC}") = "PushingMetrics", "PushingMetrics\PushingMetrics.csproj", "{D5162548-FABE-4B99-BF52-C8839BB7B7DA}"
EndProject
Global
	GlobalSection(SolutionConfigurationPlatforms) = preSolution
		Debug|Any CPU = Debug|Any CPU
		Release|Any CPU = Release|Any CPU
	EndGlobalSection
	GlobalSection(ProjectConfigurationPlatforms) = postSolution
		{A895C7AC-917C-4CFC-880A-5207421A9FC4}.Debug|Any CPU.ActiveCfg = Debug|Any CPU
		{A895C7AC-917C-4CFC-880A-5207421A9FC4}.Debug|Any CPU.Build.0 = Debug|Any CPU
		{A895C7AC-917C-4CFC-880A-5207421A9FC4}.Release|Any CPU.ActiveCfg = Release|Any CPU
		{A895C7AC-917C-4CFC-880A-5207421A9FC4}.Release|Any CPU.Build.0 = Release|Any CPU
		{D5162548-FABE-4B99-BF52-C8839BB7B7DA}.Debug|Any CPU.ActiveCfg = Debug|Any CPU
		{D5162548-FABE-4B99-BF52-C8839BB7B7DA}.Debug|Any CPU.Build.0 = Debug|Any CPU
		{D5162548-FABE-4B99-BF52-C8839BB7B7DA}.Release|Any CPU.ActiveCfg = Release|Any CPU
		{D5162548-FABE-4B99-BF52-C8839BB7B7DA}.Release|Any CPU.Build.0 = Release|Any CPU
	EndGlobalSection
	GlobalSection(SolutionProperties) = preSolution
		HideSolutionNode = FALSE
	EndGlobalSection
	GlobalSection(ExtensibilityGlobals) = postSolution
		SolutionGuid = {DA92D5EA-1ADC-4D3C-8B95-26EDF4C8DAFA}
	EndGlobalSection
EndGlobal
